
Microsoft Visual Studio Solution File, Format Version 12.00
# Visual Studio 2013
VisualStudioVersion = 12.0.31101.0
MinimumVisualStudioVersion = 10.0.40219.1
Project("{FAE04EC0-301F-11D3-BF4B-00C04F79EFBC}") = "zxing.ios", "ZXing.Net\zxing.ios.csproj", "{ACB2F35D-BFDA-41B1-9B79-B82BF23F6769}"
EndProject
Project("{2150E333-8FDC-42A3-9474-1A3956D46DE8}") = "libs", "libs", "{5C09A911-8F94-489F-AB9F-A1EA1F3DFFD2}"
EndProject
Project("{FAE04EC0-301F-11D3-BF4B-00C04F79EFBC}") = "zxing.wp8.0", "ZXing.Net\zxing.wp8.0.csproj", "{B90C2C94-B895-4C7F-BD20-32135AE5D49B}"
EndProject
Project("{D954291E-2A0B-460D-934E-DC6B0785DB48}") = "ZXing.Net.Mobile.Shared", "ZXing.Net.Mobile.Shared\ZXing.Net.Mobile.Shared.shproj", "{BDD12F61-2AE0-452D-A38E-374EFB96A9CC}"
EndProject
Project("{FAE04EC0-301F-11D3-BF4B-00C04F79EFBC}") = "ZXing.Net.Mobile.Android", "ZXing.Net.Mobile.Android\ZXing.Net.Mobile.Android.csproj", "{AC17589E-C817-4FA8-B3EC-CCEB25E55E59}"
EndProject
Project("{FAE04EC0-301F-11D3-BF4B-00C04F79EFBC}") = "zxing.monoandroid", "ZXing.Net\zxing.monoandroid.csproj", "{8971B59D-78F1-49BA-808D-CBADB37F571F}"
EndProject
Project("{FAE04EC0-301F-11D3-BF4B-00C04F79EFBC}") = "ZXing.Net.Mobile.WindowsPhone8", "ZXing.Net.Mobile.WindowsPhone\ZXing.Net.Mobile.WindowsPhone8.csproj", "{C9EFC2F6-AC4C-446C-8FBF-91824B00431D}"
EndProject
Project("{FAE04EC0-301F-11D3-BF4B-00C04F79EFBC}") = "ZXing.Net.Mobile.iOS", "ZXing.Net.Mobile.iOS\ZXing.Net.Mobile.iOS.csproj", "{6CBD1DF3-1FD3-4F20-80A2-A0C7414C411A}"
EndProject
Project("{2150E333-8FDC-42A3-9474-1A3956D46DE8}") = "nuspec", "nuspec", "{7842C0D0-BC07-4B38-A519-0F262FCF16BE}"
	ProjectSection(SolutionItems) = preProject
		..\NuGet\ZXing.Net.Mobile.1.4.6.nuspec = ..\NuGet\ZXing.Net.Mobile.1.4.6.nuspec
	EndProjectSection
EndProject
Global
	GlobalSection(SharedMSBuildProjectFiles) = preSolution
		ZXing.Net.Mobile.Shared\ZXing.Net.Mobile.Shared.projitems*{bdd12f61-2ae0-452d-a38e-374efb96a9cc}*SharedItemsImports = 13
		ZXing.Net.Mobile.Shared\ZXing.Net.Mobile.Shared.projitems*{ac17589e-c817-4fa8-b3ec-cceb25e55e59}*SharedItemsImports = 4
		ZXing.Net.Mobile.Shared\ZXing.Net.Mobile.Shared.projitems*{6cbd1df3-1fd3-4f20-80a2-a0c7414c411a}*SharedItemsImports = 4
		ZXing.Net.Mobile.Shared\ZXing.Net.Mobile.Shared.projitems*{c9efc2f6-ac4c-446c-8fbf-91824b00431d}*SharedItemsImports = 4
	EndGlobalSection
	GlobalSection(SolutionConfigurationPlatforms) = preSolution
		Ad-Hoc|Any CPU = Ad-Hoc|Any CPU
		Ad-Hoc|ARM = Ad-Hoc|ARM
		Ad-Hoc|iPhone = Ad-Hoc|iPhone
		Ad-Hoc|iPhoneSimulator = Ad-Hoc|iPhoneSimulator
		Ad-Hoc|Mixed Platforms = Ad-Hoc|Mixed Platforms
		Ad-Hoc|x86 = Ad-Hoc|x86
		AppStore|Any CPU = AppStore|Any CPU
		AppStore|ARM = AppStore|ARM
		AppStore|iPhone = AppStore|iPhone
		AppStore|iPhoneSimulator = AppStore|iPhoneSimulator
		AppStore|Mixed Platforms = AppStore|Mixed Platforms
		AppStore|x86 = AppStore|x86
		Debug|Any CPU = Debug|Any CPU
		Debug|ARM = Debug|ARM
		Debug|iPhone = Debug|iPhone
		Debug|iPhoneSimulator = Debug|iPhoneSimulator
		Debug|Mixed Platforms = Debug|Mixed Platforms
		Debug|x86 = Debug|x86
		Release|Any CPU = Release|Any CPU
		Release|ARM = Release|ARM
		Release|iPhone = Release|iPhone
		Release|iPhoneSimulator = Release|iPhoneSimulator
		Release|Mixed Platforms = Release|Mixed Platforms
		Release|x86 = Release|x86
	EndGlobalSection
	GlobalSection(ProjectConfigurationPlatforms) = postSolution
		{ACB2F35D-BFDA-41B1-9B79-B82BF23F6769}.Ad-Hoc|Any CPU.ActiveCfg = Release|Any CPU
		{ACB2F35D-BFDA-41B1-9B79-B82BF23F6769}.Ad-Hoc|Any CPU.Build.0 = Release|Any CPU
		{ACB2F35D-BFDA-41B1-9B79-B82BF23F6769}.Ad-Hoc|ARM.ActiveCfg = Debug|Any CPU
		{ACB2F35D-BFDA-41B1-9B79-B82BF23F6769}.Ad-Hoc|iPhone.ActiveCfg = Debug|Any CPU
		{ACB2F35D-BFDA-41B1-9B79-B82BF23F6769}.Ad-Hoc|iPhone.Build.0 = Debug|Any CPU
		{ACB2F35D-BFDA-41B1-9B79-B82BF23F6769}.Ad-Hoc|iPhoneSimulator.ActiveCfg = Release|Any CPU
		{ACB2F35D-BFDA-41B1-9B79-B82BF23F6769}.Ad-Hoc|iPhoneSimulator.Build.0 = Release|Any CPU
		{ACB2F35D-BFDA-41B1-9B79-B82BF23F6769}.Ad-Hoc|Mixed Platforms.ActiveCfg = Debug|Any CPU
		{ACB2F35D-BFDA-41B1-9B79-B82BF23F6769}.Ad-Hoc|Mixed Platforms.Build.0 = Debug|Any CPU
		{ACB2F35D-BFDA-41B1-9B79-B82BF23F6769}.Ad-Hoc|x86.ActiveCfg = Debug|Any CPU
		{ACB2F35D-BFDA-41B1-9B79-B82BF23F6769}.AppStore|Any CPU.ActiveCfg = Release|Any CPU
		{ACB2F35D-BFDA-41B1-9B79-B82BF23F6769}.AppStore|Any CPU.Build.0 = Release|Any CPU
		{ACB2F35D-BFDA-41B1-9B79-B82BF23F6769}.AppStore|ARM.ActiveCfg = Debug|Any CPU
		{ACB2F35D-BFDA-41B1-9B79-B82BF23F6769}.AppStore|iPhone.ActiveCfg = Debug|Any CPU
		{ACB2F35D-BFDA-41B1-9B79-B82BF23F6769}.AppStore|iPhone.Build.0 = Debug|Any CPU
		{ACB2F35D-BFDA-41B1-9B79-B82BF23F6769}.AppStore|iPhoneSimulator.ActiveCfg = Release|Any CPU
		{ACB2F35D-BFDA-41B1-9B79-B82BF23F6769}.AppStore|iPhoneSimulator.Build.0 = Release|Any CPU
		{ACB2F35D-BFDA-41B1-9B79-B82BF23F6769}.AppStore|Mixed Platforms.ActiveCfg = Debug|Any CPU
		{ACB2F35D-BFDA-41B1-9B79-B82BF23F6769}.AppStore|Mixed Platforms.Build.0 = Debug|Any CPU
		{ACB2F35D-BFDA-41B1-9B79-B82BF23F6769}.AppStore|x86.ActiveCfg = Debug|Any CPU
		{ACB2F35D-BFDA-41B1-9B79-B82BF23F6769}.Debug|Any CPU.ActiveCfg = Debug|Any CPU
		{ACB2F35D-BFDA-41B1-9B79-B82BF23F6769}.Debug|Any CPU.Build.0 = Debug|Any CPU
		{ACB2F35D-BFDA-41B1-9B79-B82BF23F6769}.Debug|ARM.ActiveCfg = Debug|Any CPU
		{ACB2F35D-BFDA-41B1-9B79-B82BF23F6769}.Debug|iPhone.ActiveCfg = Debug|Any CPU
		{ACB2F35D-BFDA-41B1-9B79-B82BF23F6769}.Debug|iPhone.Build.0 = Debug|Any CPU
		{ACB2F35D-BFDA-41B1-9B79-B82BF23F6769}.Debug|iPhoneSimulator.ActiveCfg = Debug|Any CPU
		{ACB2F35D-BFDA-41B1-9B79-B82BF23F6769}.Debug|iPhoneSimulator.Build.0 = Debug|Any CPU
		{ACB2F35D-BFDA-41B1-9B79-B82BF23F6769}.Debug|Mixed Platforms.ActiveCfg = Debug|Any CPU
		{ACB2F35D-BFDA-41B1-9B79-B82BF23F6769}.Debug|Mixed Platforms.Build.0 = Debug|Any CPU
		{ACB2F35D-BFDA-41B1-9B79-B82BF23F6769}.Debug|x86.ActiveCfg = Debug|Any CPU
		{ACB2F35D-BFDA-41B1-9B79-B82BF23F6769}.Release|Any CPU.ActiveCfg = Release|Any CPU
		{ACB2F35D-BFDA-41B1-9B79-B82BF23F6769}.Release|Any CPU.Build.0 = Release|Any CPU
		{ACB2F35D-BFDA-41B1-9B79-B82BF23F6769}.Release|ARM.ActiveCfg = Release|Any CPU
		{ACB2F35D-BFDA-41B1-9B79-B82BF23F6769}.Release|iPhone.ActiveCfg = Release|Any CPU
		{ACB2F35D-BFDA-41B1-9B79-B82BF23F6769}.Release|iPhone.Build.0 = Release|Any CPU
		{ACB2F35D-BFDA-41B1-9B79-B82BF23F6769}.Release|iPhoneSimulator.ActiveCfg = Release|Any CPU
		{ACB2F35D-BFDA-41B1-9B79-B82BF23F6769}.Release|iPhoneSimulator.Build.0 = Release|Any CPU
		{ACB2F35D-BFDA-41B1-9B79-B82BF23F6769}.Release|Mixed Platforms.ActiveCfg = Release|Any CPU
		{ACB2F35D-BFDA-41B1-9B79-B82BF23F6769}.Release|Mixed Platforms.Build.0 = Release|Any CPU
		{ACB2F35D-BFDA-41B1-9B79-B82BF23F6769}.Release|x86.ActiveCfg = Release|Any CPU
		{B90C2C94-B895-4C7F-BD20-32135AE5D49B}.Ad-Hoc|Any CPU.ActiveCfg = Release|Any CPU
		{B90C2C94-B895-4C7F-BD20-32135AE5D49B}.Ad-Hoc|Any CPU.Build.0 = Release|Any CPU
		{B90C2C94-B895-4C7F-BD20-32135AE5D49B}.Ad-Hoc|ARM.ActiveCfg = Release|ARM
		{B90C2C94-B895-4C7F-BD20-32135AE5D49B}.Ad-Hoc|ARM.Build.0 = Release|ARM
		{B90C2C94-B895-4C7F-BD20-32135AE5D49B}.Ad-Hoc|iPhone.ActiveCfg = Release|Any CPU
		{B90C2C94-B895-4C7F-BD20-32135AE5D49B}.Ad-Hoc|iPhoneSimulator.ActiveCfg = Release|Any CPU
		{B90C2C94-B895-4C7F-BD20-32135AE5D49B}.Ad-Hoc|Mixed Platforms.ActiveCfg = Release|x86
		{B90C2C94-B895-4C7F-BD20-32135AE5D49B}.Ad-Hoc|Mixed Platforms.Build.0 = Release|x86
		{B90C2C94-B895-4C7F-BD20-32135AE5D49B}.Ad-Hoc|x86.ActiveCfg = Release|x86
		{B90C2C94-B895-4C7F-BD20-32135AE5D49B}.Ad-Hoc|x86.Build.0 = Release|x86
		{B90C2C94-B895-4C7F-BD20-32135AE5D49B}.AppStore|Any CPU.ActiveCfg = Release|Any CPU
		{B90C2C94-B895-4C7F-BD20-32135AE5D49B}.AppStore|Any CPU.Build.0 = Release|Any CPU
		{B90C2C94-B895-4C7F-BD20-32135AE5D49B}.AppStore|ARM.ActiveCfg = Release|ARM
		{B90C2C94-B895-4C7F-BD20-32135AE5D49B}.AppStore|ARM.Build.0 = Release|ARM
		{B90C2C94-B895-4C7F-BD20-32135AE5D49B}.AppStore|iPhone.ActiveCfg = Release|Any CPU
		{B90C2C94-B895-4C7F-BD20-32135AE5D49B}.AppStore|iPhoneSimulator.ActiveCfg = Release|Any CPU
		{B90C2C94-B895-4C7F-BD20-32135AE5D49B}.AppStore|Mixed Platforms.ActiveCfg = Release|x86
		{B90C2C94-B895-4C7F-BD20-32135AE5D49B}.AppStore|Mixed Platforms.Build.0 = Release|x86
		{B90C2C94-B895-4C7F-BD20-32135AE5D49B}.AppStore|x86.ActiveCfg = Release|x86
		{B90C2C94-B895-4C7F-BD20-32135AE5D49B}.AppStore|x86.Build.0 = Release|x86
		{B90C2C94-B895-4C7F-BD20-32135AE5D49B}.Debug|Any CPU.ActiveCfg = Debug|Any CPU
		{B90C2C94-B895-4C7F-BD20-32135AE5D49B}.Debug|Any CPU.Build.0 = Debug|Any CPU
		{B90C2C94-B895-4C7F-BD20-32135AE5D49B}.Debug|ARM.ActiveCfg = Debug|ARM
		{B90C2C94-B895-4C7F-BD20-32135AE5D49B}.Debug|ARM.Build.0 = Debug|ARM
		{B90C2C94-B895-4C7F-BD20-32135AE5D49B}.Debug|iPhone.ActiveCfg = Debug|Any CPU
		{B90C2C94-B895-4C7F-BD20-32135AE5D49B}.Debug|iPhoneSimulator.ActiveCfg = Debug|Any CPU
		{B90C2C94-B895-4C7F-BD20-32135AE5D49B}.Debug|Mixed Platforms.ActiveCfg = Debug|x86
		{B90C2C94-B895-4C7F-BD20-32135AE5D49B}.Debug|Mixed Platforms.Build.0 = Debug|x86
		{B90C2C94-B895-4C7F-BD20-32135AE5D49B}.Debug|x86.ActiveCfg = Debug|x86
		{B90C2C94-B895-4C7F-BD20-32135AE5D49B}.Debug|x86.Build.0 = Debug|x86
		{B90C2C94-B895-4C7F-BD20-32135AE5D49B}.Release|Any CPU.ActiveCfg = Release|Any CPU
		{B90C2C94-B895-4C7F-BD20-32135AE5D49B}.Release|Any CPU.Build.0 = Release|Any CPU
		{B90C2C94-B895-4C7F-BD20-32135AE5D49B}.Release|ARM.ActiveCfg = Release|ARM
		{B90C2C94-B895-4C7F-BD20-32135AE5D49B}.Release|ARM.Build.0 = Release|ARM
		{B90C2C94-B895-4C7F-BD20-32135AE5D49B}.Release|iPhone.ActiveCfg = Release|Any CPU
		{B90C2C94-B895-4C7F-BD20-32135AE5D49B}.Release|iPhoneSimulator.ActiveCfg = Release|Any CPU
		{B90C2C94-B895-4C7F-BD20-32135AE5D49B}.Release|Mixed Platforms.ActiveCfg = Release|x86
		{B90C2C94-B895-4C7F-BD20-32135AE5D49B}.Release|Mixed Platforms.Build.0 = Release|x86
		{B90C2C94-B895-4C7F-BD20-32135AE5D49B}.Release|x86.ActiveCfg = Release|x86
		{B90C2C94-B895-4C7F-BD20-32135AE5D49B}.Release|x86.Build.0 = Release|x86
		{AC17589E-C817-4FA8-B3EC-CCEB25E55E59}.Ad-Hoc|Any CPU.ActiveCfg = Release|Any CPU
		{AC17589E-C817-4FA8-B3EC-CCEB25E55E59}.Ad-Hoc|Any CPU.Build.0 = Release|Any CPU
		{AC17589E-C817-4FA8-B3EC-CCEB25E55E59}.Ad-Hoc|ARM.ActiveCfg = Release|Any CPU
		{AC17589E-C817-4FA8-B3EC-CCEB25E55E59}.Ad-Hoc|iPhone.ActiveCfg = Release|Any CPU
		{AC17589E-C817-4FA8-B3EC-CCEB25E55E59}.Ad-Hoc|iPhoneSimulator.ActiveCfg = Release|Any CPU
		{AC17589E-C817-4FA8-B3EC-CCEB25E55E59}.Ad-Hoc|Mixed Platforms.ActiveCfg = Release|Any CPU
		{AC17589E-C817-4FA8-B3EC-CCEB25E55E59}.Ad-Hoc|Mixed Platforms.Build.0 = Release|Any CPU
		{AC17589E-C817-4FA8-B3EC-CCEB25E55E59}.Ad-Hoc|x86.ActiveCfg = Release|Any CPU
		{AC17589E-C817-4FA8-B3EC-CCEB25E55E59}.AppStore|Any CPU.ActiveCfg = Release|Any CPU
		{AC17589E-C817-4FA8-B3EC-CCEB25E55E59}.AppStore|Any CPU.Build.0 = Release|Any CPU
		{AC17589E-C817-4FA8-B3EC-CCEB25E55E59}.AppStore|ARM.ActiveCfg = Release|Any CPU
		{AC17589E-C817-4FA8-B3EC-CCEB25E55E59}.AppStore|iPhone.ActiveCfg = Release|Any CPU
		{AC17589E-C817-4FA8-B3EC-CCEB25E55E59}.AppStore|iPhoneSimulator.ActiveCfg = Release|Any CPU
		{AC17589E-C817-4FA8-B3EC-CCEB25E55E59}.AppStore|Mixed Platforms.ActiveCfg = Release|Any CPU
		{AC17589E-C817-4FA8-B3EC-CCEB25E55E59}.AppStore|Mixed Platforms.Build.0 = Release|Any CPU
		{AC17589E-C817-4FA8-B3EC-CCEB25E55E59}.AppStore|x86.ActiveCfg = Release|Any CPU
		{AC17589E-C817-4FA8-B3EC-CCEB25E55E59}.Debug|Any CPU.ActiveCfg = Debug|Any CPU
		{AC17589E-C817-4FA8-B3EC-CCEB25E55E59}.Debug|Any CPU.Build.0 = Debug|Any CPU
		{AC17589E-C817-4FA8-B3EC-CCEB25E55E59}.Debug|ARM.ActiveCfg = Debug|Any CPU
		{AC17589E-C817-4FA8-B3EC-CCEB25E55E59}.Debug|iPhone.ActiveCfg = Debug|Any CPU
		{AC17589E-C817-4FA8-B3EC-CCEB25E55E59}.Debug|iPhoneSimulator.ActiveCfg = Debug|Any CPU
		{AC17589E-C817-4FA8-B3EC-CCEB25E55E59}.Debug|Mixed Platforms.ActiveCfg = Debug|Any CPU
		{AC17589E-C817-4FA8-B3EC-CCEB25E55E59}.Debug|Mixed Platforms.Build.0 = Debug|Any CPU
		{AC17589E-C817-4FA8-B3EC-CCEB25E55E59}.Debug|x86.ActiveCfg = Debug|Any CPU
		{AC17589E-C817-4FA8-B3EC-CCEB25E55E59}.Release|Any CPU.ActiveCfg = Release|Any CPU
		{AC17589E-C817-4FA8-B3EC-CCEB25E55E59}.Release|Any CPU.Build.0 = Release|Any CPU
		{AC17589E-C817-4FA8-B3EC-CCEB25E55E59}.Release|ARM.ActiveCfg = Release|Any CPU
		{AC17589E-C817-4FA8-B3EC-CCEB25E55E59}.Release|iPhone.ActiveCfg = Release|Any CPU
		{AC17589E-C817-4FA8-B3EC-CCEB25E55E59}.Release|iPhoneSimulator.ActiveCfg = Release|Any CPU
		{AC17589E-C817-4FA8-B3EC-CCEB25E55E59}.Release|Mixed Platforms.ActiveCfg = Release|Any CPU
		{AC17589E-C817-4FA8-B3EC-CCEB25E55E59}.Release|Mixed Platforms.Build.0 = Release|Any CPU
		{AC17589E-C817-4FA8-B3EC-CCEB25E55E59}.Release|x86.ActiveCfg = Release|Any CPU
		{8971B59D-78F1-49BA-808D-CBADB37F571F}.Ad-Hoc|Any CPU.ActiveCfg = Release|Any CPU
		{8971B59D-78F1-49BA-808D-CBADB37F571F}.Ad-Hoc|Any CPU.Build.0 = Release|Any CPU
		{8971B59D-78F1-49BA-808D-CBADB37F571F}.Ad-Hoc|ARM.ActiveCfg = Release|Any CPU
		{8971B59D-78F1-49BA-808D-CBADB37F571F}.Ad-Hoc|iPhone.ActiveCfg = Release|Any CPU
		{8971B59D-78F1-49BA-808D-CBADB37F571F}.Ad-Hoc|iPhoneSimulator.ActiveCfg = Release|Any CPU
		{8971B59D-78F1-49BA-808D-CBADB37F571F}.Ad-Hoc|Mixed Platforms.ActiveCfg = Release|Any CPU
		{8971B59D-78F1-49BA-808D-CBADB37F571F}.Ad-Hoc|Mixed Platforms.Build.0 = Release|Any CPU
		{8971B59D-78F1-49BA-808D-CBADB37F571F}.Ad-Hoc|x86.ActiveCfg = Release|Any CPU
		{8971B59D-78F1-49BA-808D-CBADB37F571F}.AppStore|Any CPU.ActiveCfg = Release|Any CPU
		{8971B59D-78F1-49BA-808D-CBADB37F571F}.AppStore|Any CPU.Build.0 = Release|Any CPU
		{8971B59D-78F1-49BA-808D-CBADB37F571F}.AppStore|ARM.ActiveCfg = Release|Any CPU
		{8971B59D-78F1-49BA-808D-CBADB37F571F}.AppStore|iPhone.ActiveCfg = Release|Any CPU
		{8971B59D-78F1-49BA-808D-CBADB37F571F}.AppStore|iPhoneSimulator.ActiveCfg = Release|Any CPU
		{8971B59D-78F1-49BA-808D-CBADB37F571F}.AppStore|Mixed Platforms.ActiveCfg = Release|Any CPU
		{8971B59D-78F1-49BA-808D-CBADB37F571F}.AppStore|Mixed Platforms.Build.0 = Release|Any CPU
		{8971B59D-78F1-49BA-808D-CBADB37F571F}.AppStore|x86.ActiveCfg = Release|Any CPU
		{8971B59D-78F1-49BA-808D-CBADB37F571F}.Debug|Any CPU.ActiveCfg = Debug|Any CPU
		{8971B59D-78F1-49BA-808D-CBADB37F571F}.Debug|Any CPU.Build.0 = Debug|Any CPU
		{8971B59D-78F1-49BA-808D-CBADB37F571F}.Debug|ARM.ActiveCfg = Debug|Any CPU
		{8971B59D-78F1-49BA-808D-CBADB37F571F}.Debug|iPhone.ActiveCfg = Debug|Any CPU
		{8971B59D-78F1-49BA-808D-CBADB37F571F}.Debug|iPhoneSimulator.ActiveCfg = Debug|Any CPU
		{8971B59D-78F1-49BA-808D-CBADB37F571F}.Debug|Mixed Platforms.ActiveCfg = Debug|Any CPU
		{8971B59D-78F1-49BA-808D-CBADB37F571F}.Debug|Mixed Platforms.Build.0 = Debug|Any CPU
		{8971B59D-78F1-49BA-808D-CBADB37F571F}.Debug|x86.ActiveCfg = Debug|Any CPU
		{8971B59D-78F1-49BA-808D-CBADB37F571F}.Release|Any CPU.ActiveCfg = Release|Any CPU
		{8971B59D-78F1-49BA-808D-CBADB37F571F}.Release|Any CPU.Build.0 = Release|Any CPU
		{8971B59D-78F1-49BA-808D-CBADB37F571F}.Release|ARM.ActiveCfg = Release|Any CPU
		{8971B59D-78F1-49BA-808D-CBADB37F571F}.Release|iPhone.ActiveCfg = Release|Any CPU
		{8971B59D-78F1-49BA-808D-CBADB37F571F}.Release|iPhoneSimulator.ActiveCfg = Release|Any CPU
		{8971B59D-78F1-49BA-808D-CBADB37F571F}.Release|Mixed Platforms.ActiveCfg = Release|Any CPU
		{8971B59D-78F1-49BA-808D-CBADB37F571F}.Release|Mixed Platforms.Build.0 = Release|Any CPU
		{8971B59D-78F1-49BA-808D-CBADB37F571F}.Release|x86.ActiveCfg = Release|Any CPU
		{C9EFC2F6-AC4C-446C-8FBF-91824B00431D}.Ad-Hoc|Any CPU.ActiveCfg = Release|Any CPU
		{C9EFC2F6-AC4C-446C-8FBF-91824B00431D}.Ad-Hoc|Any CPU.Build.0 = Release|Any CPU
		{C9EFC2F6-AC4C-446C-8FBF-91824B00431D}.Ad-Hoc|ARM.ActiveCfg = Release|ARM
		{C9EFC2F6-AC4C-446C-8FBF-91824B00431D}.Ad-Hoc|ARM.Build.0 = Release|ARM
		{C9EFC2F6-AC4C-446C-8FBF-91824B00431D}.Ad-Hoc|iPhone.ActiveCfg = Release|Any CPU
		{C9EFC2F6-AC4C-446C-8FBF-91824B00431D}.Ad-Hoc|iPhoneSimulator.ActiveCfg = Release|Any CPU
		{C9EFC2F6-AC4C-446C-8FBF-91824B00431D}.Ad-Hoc|Mixed Platforms.ActiveCfg = Release|x86
		{C9EFC2F6-AC4C-446C-8FBF-91824B00431D}.Ad-Hoc|Mixed Platforms.Build.0 = Release|x86
		{C9EFC2F6-AC4C-446C-8FBF-91824B00431D}.Ad-Hoc|x86.ActiveCfg = Release|x86
		{C9EFC2F6-AC4C-446C-8FBF-91824B00431D}.Ad-Hoc|x86.Build.0 = Release|x86
		{C9EFC2F6-AC4C-446C-8FBF-91824B00431D}.AppStore|Any CPU.ActiveCfg = Release|Any CPU
		{C9EFC2F6-AC4C-446C-8FBF-91824B00431D}.AppStore|Any CPU.Build.0 = Release|Any CPU
		{C9EFC2F6-AC4C-446C-8FBF-91824B00431D}.AppStore|ARM.ActiveCfg = Release|ARM
		{C9EFC2F6-AC4C-446C-8FBF-91824B00431D}.AppStore|ARM.Build.0 = Release|ARM
		{C9EFC2F6-AC4C-446C-8FBF-91824B00431D}.AppStore|iPhone.ActiveCfg = Release|Any CPU
		{C9EFC2F6-AC4C-446C-8FBF-91824B00431D}.AppStore|iPhoneSimulator.ActiveCfg = Release|Any CPU
		{C9EFC2F6-AC4C-446C-8FBF-91824B00431D}.AppStore|Mixed Platforms.ActiveCfg = Release|x86
		{C9EFC2F6-AC4C-446C-8FBF-91824B00431D}.AppStore|Mixed Platforms.Build.0 = Release|x86
		{C9EFC2F6-AC4C-446C-8FBF-91824B00431D}.AppStore|x86.ActiveCfg = Release|x86
		{C9EFC2F6-AC4C-446C-8FBF-91824B00431D}.AppStore|x86.Build.0 = Release|x86
		{C9EFC2F6-AC4C-446C-8FBF-91824B00431D}.Debug|Any CPU.ActiveCfg = Debug|Any CPU
		{C9EFC2F6-AC4C-446C-8FBF-91824B00431D}.Debug|Any CPU.Build.0 = Debug|Any CPU
		{C9EFC2F6-AC4C-446C-8FBF-91824B00431D}.Debug|ARM.ActiveCfg = Debug|ARM
		{C9EFC2F6-AC4C-446C-8FBF-91824B00431D}.Debug|ARM.Build.0 = Debug|ARM
		{C9EFC2F6-AC4C-446C-8FBF-91824B00431D}.Debug|iPhone.ActiveCfg = Debug|Any CPU
		{C9EFC2F6-AC4C-446C-8FBF-91824B00431D}.Debug|iPhoneSimulator.ActiveCfg = Debug|Any CPU
		{C9EFC2F6-AC4C-446C-8FBF-91824B00431D}.Debug|Mixed Platforms.ActiveCfg = Debug|x86
		{C9EFC2F6-AC4C-446C-8FBF-91824B00431D}.Debug|Mixed Platforms.Build.0 = Debug|x86
		{C9EFC2F6-AC4C-446C-8FBF-91824B00431D}.Debug|x86.ActiveCfg = Debug|x86
		{C9EFC2F6-AC4C-446C-8FBF-91824B00431D}.Debug|x86.Build.0 = Debug|x86
		{C9EFC2F6-AC4C-446C-8FBF-91824B00431D}.Release|Any CPU.ActiveCfg = Release|Any CPU
		{C9EFC2F6-AC4C-446C-8FBF-91824B00431D}.Release|Any CPU.Build.0 = Release|Any CPU
		{C9EFC2F6-AC4C-446C-8FBF-91824B00431D}.Release|ARM.ActiveCfg = Release|ARM
		{C9EFC2F6-AC4C-446C-8FBF-91824B00431D}.Release|ARM.Build.0 = Release|ARM
		{C9EFC2F6-AC4C-446C-8FBF-91824B00431D}.Release|iPhone.ActiveCfg = Release|Any CPU
		{C9EFC2F6-AC4C-446C-8FBF-91824B00431D}.Release|iPhoneSimulator.ActiveCfg = Release|Any CPU
		{C9EFC2F6-AC4C-446C-8FBF-91824B00431D}.Release|Mixed Platforms.ActiveCfg = Release|x86
		{C9EFC2F6-AC4C-446C-8FBF-91824B00431D}.Release|Mixed Platforms.Build.0 = Release|x86
		{C9EFC2F6-AC4C-446C-8FBF-91824B00431D}.Release|x86.ActiveCfg = Release|x86
		{C9EFC2F6-AC4C-446C-8FBF-91824B00431D}.Release|x86.Build.0 = Release|x86
		{6CBD1DF3-1FD3-4F20-80A2-A0C7414C411A}.Ad-Hoc|Any CPU.ActiveCfg = Release|iPhone
		{6CBD1DF3-1FD3-4F20-80A2-A0C7414C411A}.Ad-Hoc|ARM.ActiveCfg = Release|iPhone
		{6CBD1DF3-1FD3-4F20-80A2-A0C7414C411A}.Ad-Hoc|iPhone.ActiveCfg = Release|iPhone
		{6CBD1DF3-1FD3-4F20-80A2-A0C7414C411A}.Ad-Hoc|iPhone.Build.0 = Release|iPhone
		{6CBD1DF3-1FD3-4F20-80A2-A0C7414C411A}.Ad-Hoc|iPhoneSimulator.ActiveCfg = Release|iPhoneSimulator
		{6CBD1DF3-1FD3-4F20-80A2-A0C7414C411A}.Ad-Hoc|iPhoneSimulator.Build.0 = Release|iPhoneSimulator
		{6CBD1DF3-1FD3-4F20-80A2-A0C7414C411A}.Ad-Hoc|Mixed Platforms.ActiveCfg = Release|iPhone
		{6CBD1DF3-1FD3-4F20-80A2-A0C7414C411A}.Ad-Hoc|Mixed Platforms.Build.0 = Release|iPhone
		{6CBD1DF3-1FD3-4F20-80A2-A0C7414C411A}.Ad-Hoc|x86.ActiveCfg = Release|iPhone
		{6CBD1DF3-1FD3-4F20-80A2-A0C7414C411A}.AppStore|Any CPU.ActiveCfg = Release|iPhone
		{6CBD1DF3-1FD3-4F20-80A2-A0C7414C411A}.AppStore|ARM.ActiveCfg = Release|iPhone
		{6CBD1DF3-1FD3-4F20-80A2-A0C7414C411A}.AppStore|iPhone.ActiveCfg = Release|iPhone
		{6CBD1DF3-1FD3-4F20-80A2-A0C7414C411A}.AppStore|iPhone.Build.0 = Release|iPhone
		{6CBD1DF3-1FD3-4F20-80A2-A0C7414C411A}.AppStore|iPhoneSimulator.ActiveCfg = Release|iPhoneSimulator
		{6CBD1DF3-1FD3-4F20-80A2-A0C7414C411A}.AppStore|iPhoneSimulator.Build.0 = Release|iPhoneSimulator
		{6CBD1DF3-1FD3-4F20-80A2-A0C7414C411A}.AppStore|Mixed Platforms.ActiveCfg = Release|iPhone
		{6CBD1DF3-1FD3-4F20-80A2-A0C7414C411A}.AppStore|Mixed Platforms.Build.0 = Release|iPhone
		{6CBD1DF3-1FD3-4F20-80A2-A0C7414C411A}.AppStore|x86.ActiveCfg = Release|iPhone
		{6CBD1DF3-1FD3-4F20-80A2-A0C7414C411A}.Debug|Any CPU.ActiveCfg = Debug|iPhone
		{6CBD1DF3-1FD3-4F20-80A2-A0C7414C411A}.Debug|ARM.ActiveCfg = Debug|iPhone
		{6CBD1DF3-1FD3-4F20-80A2-A0C7414C411A}.Debug|iPhone.ActiveCfg = Debug|iPhone
		{6CBD1DF3-1FD3-4F20-80A2-A0C7414C411A}.Debug|iPhone.Build.0 = Debug|iPhone
		{6CBD1DF3-1FD3-4F20-80A2-A0C7414C411A}.Debug|iPhoneSimulator.ActiveCfg = Debug|iPhoneSimulator
		{6CBD1DF3-1FD3-4F20-80A2-A0C7414C411A}.Debug|iPhoneSimulator.Build.0 = Debug|iPhoneSimulator
		{6CBD1DF3-1FD3-4F20-80A2-A0C7414C411A}.Debug|Mixed Platforms.ActiveCfg = Debug|iPhone
		{6CBD1DF3-1FD3-4F20-80A2-A0C7414C411A}.Debug|Mixed Platforms.Build.0 = Debug|iPhone
		{6CBD1DF3-1FD3-4F20-80A2-A0C7414C411A}.Debug|x86.ActiveCfg = Debug|iPhone
		{6CBD1DF3-1FD3-4F20-80A2-A0C7414C411A}.Release|Any CPU.ActiveCfg = Release|iPhone
		{6CBD1DF3-1FD3-4F20-80A2-A0C7414C411A}.Release|ARM.ActiveCfg = Release|iPhone
		{6CBD1DF3-1FD3-4F20-80A2-A0C7414C411A}.Release|iPhone.ActiveCfg = Release|iPhone
		{6CBD1DF3-1FD3-4F20-80A2-A0C7414C411A}.Release|iPhone.Build.0 = Release|iPhone
		{6CBD1DF3-1FD3-4F20-80A2-A0C7414C411A}.Release|iPhoneSimulator.ActiveCfg = Release|iPhoneSimulator
		{6CBD1DF3-1FD3-4F20-80A2-A0C7414C411A}.Release|iPhoneSimulator.Build.0 = Release|iPhoneSimulator
		{6CBD1DF3-1FD3-4F20-80A2-A0C7414C411A}.Release|Mixed Platforms.ActiveCfg = Release|iPhone
		{6CBD1DF3-1FD3-4F20-80A2-A0C7414C411A}.Release|Mixed Platforms.Build.0 = Release|iPhone
		{6CBD1DF3-1FD3-4F20-80A2-A0C7414C411A}.Release|x86.ActiveCfg = Release|iPhone
	EndGlobalSection
	GlobalSection(SolutionProperties) = preSolution
		HideSolutionNode = FALSE
	EndGlobalSection
	GlobalSection(NestedProjects) = preSolution
		{ACB2F35D-BFDA-41B1-9B79-B82BF23F6769} = {5C09A911-8F94-489F-AB9F-A1EA1F3DFFD2}
		{B90C2C94-B895-4C7F-BD20-32135AE5D49B} = {5C09A911-8F94-489F-AB9F-A1EA1F3DFFD2}
		{8971B59D-78F1-49BA-808D-CBADB37F571F} = {5C09A911-8F94-489F-AB9F-A1EA1F3DFFD2}
	EndGlobalSection
	GlobalSection(MonoDevelopProperties) = preSolution
		StartupItem = ZXing.Net.Mobile\ZXing.Net.Mobile.iOS.csproj
	EndGlobalSection
EndGlobal
